
Microsoft Visual Studio Solution File, Format Version 12.00
# Visual Studio Version 17
VisualStudioVersion = 17.7.34202.233
MinimumVisualStudioVersion = 10.0.40219.1
Project("{FAE04EC0-301F-11D3-BF4B-00C04F79EFBC}") = "IsubuSatis.KatalogService", "IsubuSatis.KatalogService\IsubuSatis.KatalogService.csproj", "{9060680F-A748-4429-8AB7-9867AA5CD719}"
EndProject
Global
	GlobalSection(SolutionConfigurationPlatforms) = preSolution
		Debug|Any CPU = Debug|Any CPU
		Release|Any CPU = Release|Any CPU
	EndGlobalSection
	GlobalSection(ProjectConfigurationPlatforms) = postSolution
		{9060680F-A748-4429-8AB7-9867AA5CD719}.Debug|Any CPU.ActiveCfg = Debug|Any CPU
		{9060680F-A748-4429-8AB7-9867AA5CD719}.Debug|Any CPU.Build.0 = Debug|Any CPU
		{9060680F-A748-4429-8AB7-9867AA5CD719}.Release|Any CPU.ActiveCfg = Release|Any CPU
		{9060680F-A748-4429-8AB7-9867AA5CD719}.Release|Any CPU.Build.0 = Release|Any CPU
	EndGlobalSection
	GlobalSection(SolutionProperties) = preSolution
		HideSolutionNode = FALSE
	EndGlobalSection
	GlobalSection(ExtensibilityGlobals) = postSolution
		SolutionGuid = {A53656B6-3674-4734-BE27-B6EC95040622}
	EndGlobalSection
EndGlobal
